
Microsoft Visual Studio Solution File, Format Version 12.00
# Visual Studio Version 17
VisualStudioVersion = 17.11.35222.181
MinimumVisualStudioVersion = 10.0.40219.1
Project("{FAE04EC0-301F-11D3-BF4B-00C04F79EFBC}") = "API", "NewsServiceAPI\API.csproj", "{E5CC483F-9D5A-4A2D-8347-959D1DD74A3B}"
EndProject
Project("{FAE04EC0-301F-11D3-BF4B-00C04F79EFBC}") = "Abstraction", "Abstraction\Abstraction.csproj", "{E9D0AEF3-5E3B-48B9-82B9-61A4AFC515F0}"
EndProject
Project("{FAE04EC0-301F-11D3-BF4B-00C04F79EFBC}") = "Repository", "Repository\Repository.csproj", "{8F16DBB5-5996-4FA9-9E31-D7A64C48422D}"
EndProject
Project("{FAE04EC0-301F-11D3-BF4B-00C04F79EFBC}") = "Business", "Business\Business.csproj", "{100058BB-EC43-49C7-A657-5885B05D162A}"
EndProject
Project("{FAE04EC0-301F-11D3-BF4B-00C04F79EFBC}") = "Test", "Test\Test.csproj", "{C4FCBD56-31A1-4E51-AD58-515008A2E421}"
EndProject
Global
	GlobalSection(SolutionConfigurationPlatforms) = preSolution
		Debug|Any CPU = Debug|Any CPU
		Release|Any CPU = Release|Any CPU
	EndGlobalSection
	GlobalSection(ProjectConfigurationPlatforms) = postSolution
		{E5CC483F-9D5A-4A2D-8347-959D1DD74A3B}.Debug|Any CPU.ActiveCfg = Debug|Any CPU
		{E5CC483F-9D5A-4A2D-8347-959D1DD74A3B}.Debug|Any CPU.Build.0 = Debug|Any CPU
		{E5CC483F-9D5A-4A2D-8347-959D1DD74A3B}.Release|Any CPU.ActiveCfg = Release|Any CPU
		{E5CC483F-9D5A-4A2D-8347-959D1DD74A3B}.Release|Any CPU.Build.0 = Release|Any CPU
		{E9D0AEF3-5E3B-48B9-82B9-61A4AFC515F0}.Debug|Any CPU.ActiveCfg = Debug|Any CPU
		{E9D0AEF3-5E3B-48B9-82B9-61A4AFC515F0}.Debug|Any CPU.Build.0 = Debug|Any CPU
		{E9D0AEF3-5E3B-48B9-82B9-61A4AFC515F0}.Release|Any CPU.ActiveCfg = Release|Any CPU
		{E9D0AEF3-5E3B-48B9-82B9-61A4AFC515F0}.Release|Any CPU.Build.0 = Release|Any CPU
		{8F16DBB5-5996-4FA9-9E31-D7A64C48422D}.Debug|Any CPU.ActiveCfg = Debug|Any CPU
		{8F16DBB5-5996-4FA9-9E31-D7A64C48422D}.Debug|Any CPU.Build.0 = Debug|Any CPU
		{8F16DBB5-5996-4FA9-9E31-D7A64C48422D}.Release|Any CPU.ActiveCfg = Release|Any CPU
		{8F16DBB5-5996-4FA9-9E31-D7A64C48422D}.Release|Any CPU.Build.0 = Release|Any CPU
		{100058BB-EC43-49C7-A657-5885B05D162A}.Debug|Any CPU.ActiveCfg = Debug|Any CPU
		{100058BB-EC43-49C7-A657-5885B05D162A}.Debug|Any CPU.Build.0 = Debug|Any CPU
		{100058BB-EC43-49C7-A657-5885B05D162A}.Release|Any CPU.ActiveCfg = Release|Any CPU
		{100058BB-EC43-49C7-A657-5885B05D162A}.Release|Any CPU.Build.0 = Release|Any CPU
		{C4FCBD56-31A1-4E51-AD58-515008A2E421}.Debug|Any CPU.ActiveCfg = Debug|Any CPU
		{C4FCBD56-31A1-4E51-AD58-515008A2E421}.Debug|Any CPU.Build.0 = Debug|Any CPU
		{C4FCBD56-31A1-4E51-AD58-515008A2E421}.Release|Any CPU.ActiveCfg = Release|Any CPU
		{C4FCBD56-31A1-4E51-AD58-515008A2E421}.Release|Any CPU.Build.0 = Release|Any CPU
	EndGlobalSection
	GlobalSection(SolutionProperties) = preSolution
		HideSolutionNode = FALSE
	EndGlobalSection
	GlobalSection(ExtensibilityGlobals) = postSolution
		SolutionGuid = {F9D04950-D504-4904-A964-39880413CFDB}
	EndGlobalSection
EndGlobal
